{
  "name": "ldocx-living-document-studio",
  "version": "3.0.0",
  "lockfileVersion": 3,
  "requires": true,
  "packages": {
    "": {
      "name": "ldocx-living-document-studio",
      "version": "3.0.0",
      "license": "Apache-2.0",
      "dependencies": {
        "@chenglou/pretext": "0.0.9"
      }
    },
    "node_modules/@chenglou/pretext": {
      "version": "0.0.9",
      "resolved": "https://registry.npmjs.org/@chenglou/pretext/-/pretext-0.0.9.tgz",
      "integrity": "sha512-vInlpC//3vjRfWTs78k2BBIq/0bUdpjIp8TIn9fXe0NvnChhTQZfjioVzERQQbkQvCVpPpw7PDOrTWMHpq27VA==",
      "license": "MIT"
    }
  }
}
